// !$*UTF8*$!
{
	archiveVersion = 1;
	classes = {
	};
	objectVersion = 46;
	objects = {

/* Begin PBXBuildFile section */
		33E6761C1D4F6A5000DB8C3E /* AppDelegate.swift in Sources */ = {isa = PBXBuildFile; fileRef = 33E6761B1D4F6A5000DB8C3E /* AppDelegate.swift */; };
		33E6761E1D4F6A5000DB8C3E /* ViewController.swift in Sources */ = {isa = PBXBuildFile; fileRef = 33E6761D1D4F6A5000DB8C3E /* ViewController.swift */; };
		33E676211D4F6A5000DB8C3E /* Main.storyboard in Resources */ = {isa = PBXBuildFile; fileRef = 33E6761F1D4F6A5000DB8C3E /* Main.storyboard */; };
		33E676231D4F6A5000DB8C3E /* Assets.xcassets in Resources */ = {isa = PBXBuildFile; fileRef = 33E676221D4F6A5000DB8C3E /* Assets.xcassets */; };
		33E676261D4F6A5000DB8C3E /* LaunchScreen.storyboard in Resources */ = {isa = PBXBuildFile; fileRef = 33E676241D4F6A5000DB8C3E /* LaunchScreen.storyboard */; };
/* End PBXBuildFile section */

/* Begin PBXFileReference section */
		33E676181D4F6A5000DB8C3E /* Pokedex.app */ = {isa = PBXFileReference; explicitFileType = wrapper.application; includeInIndex = 0; path = Pokedex.app; sourceTree = BUILT_PRODUCTS_DIR; };
		33E6761B1D4F6A5000DB8C3E /* AppDelegate.swift */ = {isa = PBXFileReference; lastKnownFileType = sourcecode.swift; path = AppDelegate.swift; sourceTree = "<group>"; };
		33E6761D1D4F6A5000DB8C3E /* ViewController.swift */ = {isa = PBXFileReference; lastKnownFileType = sourcecode.swift; path = ViewController.swift; sourceTree = "<group>"; };
		33E676201D4F6A5000DB8C3E /* Base */ = {isa = PBXFileReference; lastKnownFileType = file.storyboard; name = Base; path = Base.lproj/Main.storyboard; sourceTree = "<group>"; };
		33E676221D4F6A5000DB8C3E /* Assets.xcassets */ = {isa = PBXFileReference; lastKnownFileType = folder.assetcatalog; path = Assets.xcassets; sourceTree = "<group>"; };
		33E676251D4F6A5000DB8C3E /* Base */ = {isa = PBXFileReference; lastKnownFileType = file.storyboard; name = Base; path = Base.lproj/LaunchScreen.storyboard; sourceTree = "<group>"; };
		33E676271D4F6A5000DB8C3E /* Info.plist */ = {isa = PBXFileReference; lastKnownFileType = text.plist.xml; path = Info.plist; sourceTree = "<group>"; };
/* End PBXFileReference section */

/* Begin PBXFrameworksBuildPhase section */
		33E676151D4F6A5000DB8C3E /* Frameworks */ = {
			isa = PBXFrameworksBuildPhase;
			buildActionMask = 2147483647;
			files = (
			);
			runOnlyForDeploymentPostprocessing = 0;
		};
/* End PBXFrameworksBuildPhase section */

/* Begin PBXGroup section */
		33E6760F1D4F6A5000DB8C3E = {
			isa = PBXGroup;
			children = (
				33E6761A1D4F6A5000DB8C3E /* Pokedex */,
				33E676191D4F6A5000DB8C3E /* Products */,
			);
			sourceTree = "<group>";
		};
		33E676191D4F6A5000DB8C3E /* Products */ = {
			isa = PBXGroup;
			children = (
				33E676181D4F6A5000DB8C3E /* Pokedex.app */,
			);
			name = Products;
			sourceTree = "<group>";
		};
		33E6761A1D4F6A5000DB8C3E /* Pokedex */ = {
			isa = PBXGroup;
			children = (
				33E6761B1D4F6A5000DB8C3E /* AppDelegate.swift */,
				33E6761D1D4F6A5000DB8C3E /* ViewController.swift */,
				33E6761F1D4F6A5000DB8C3E /* Main.storyboard */,
				33E676221D4F6A5000DB8C3E /* Assets.xcassets */,
				33E676241D4F6A5000DB8C3E /* LaunchScreen.storyboard */,
				33E676271D4F6A5000DB8C3E /* Info.plist */,
			);
			path = Pokedex;
			sourceTree = "<group>";
		};
/* End PBXGroup section */

/* Begin PBXNativeTarget section */
		33E676171D4F6A5000DB8C3E /* Pokedex */ = {
			isa = PBXNativeTarget;
			buildConfigurationList = 33E6762A1D4F6A5000DB8C3E /* Build configuration list for PBXNativeTarget "Pokedex" */;
			buildPhases = (
				33E676141D4F6A5000DB8C3E /* Sources */,
				33E676151D4F6A5000DB8C3E /* Frameworks */,
				33E676161D4F6A5000DB8C3E /* Resources */,
			);
			buildRules = (
			);
			dependencies = (
			);
			name = Pokedex;
			productName = Pokedex;
			productReference = 33E676181D4F6A5000DB8C3E /* Pokedex.app */;
			productType = "com.apple.product-type.application";
		};
/* End PBXNativeTarget section */

/* Begin PBXProject section */
		33E676101D4F6A5000DB8C3E /* Project object */ = {
			isa = PBXProject;
			attributes = {
				LastSwiftUpdateCheck = 0710;
				LastUpgradeCheck = 0710;
				ORGANIZATIONNAME = "Danoosh Chamani";
				TargetAttributes = {
					33E676171D4F6A5000DB8C3E = {
						CreatedOnToolsVersion = 7.1;
					};
				};
			};
			buildConfigurationList = 33E676131D4F6A5000DB8C3E /* Build configuration list for PBXProject "Pokedex" */;
			compatibilityVersion = "Xcode 3.2";
			developmentRegion = English;
			hasScannedForEncodings = 0;
			knownRegions = (
				en,
				Base,
			);
			mainGroup = 33E6760F1D4F6A5000DB8C3E;
			productRefGroup = 33E676191D4F6A5000DB8C3E /* Products */;
			projectDirPath = "";
			projectRoot = "";
			targets = (
				33E676171D4F6A5000DB8C3E /* Pokedex */,
			);
		};
/* End PBXProject section */

/* Begin PBXResourcesBuildPhase section */
		33E676161D4F6A5000DB8C3E /* Resources */ = {
			isa = PBXResourcesBuildPhase;
			buildActionMask = 2147483647;
			files = (
				33E676261D4F6A5000DB8C3E /* LaunchScreen.storyboard in Resources */,
				33E676231D4F6A5000DB8C3E /* Assets.xcassets in Resources */,
				33E676211D4F6A5000DB8C3E /* Main.storyboard in Resources */,
			);
			runOnlyForDeploymentPostprocessing = 0;
		};
/* End PBXResourcesBuildPhase section */

/* Begin PBXSourcesBuildPhase section */
		33E676141D4F6A5000DB8C3E /* Sources */ = {
			isa = PBXSourcesBuildPhase;
			buildActionMask = 2147483647;
			files = (
				33E6761E1D4F6A5000DB8C3E /* ViewController.swift in Sources */,
				33E6761C1D4F6A5000DB8C3E /* AppDelegate.swift in Sources */,
			);
			runOnlyForDeploymentPostprocessing = 0;
		};
/* End PBXSourcesBuildPhase section */

/* Begin PBXVariantGroup section */
		33E6761F1D4F6A5000DB8C3E /* Main.storyboard */ = {
			isa = PBXVariantGroup;
			children = (
				33E676201D4F6A5000DB8C3E /* Base */,
			);
			name = Main.storyboard;
			sourceTree = "<group>";
		};
		33E676241D4F6A5000DB8C3E /* LaunchScreen.storyboard */ = {
			isa = PBXVariantGroup;
			children = (
				33E676251D4F6A5000DB8C3E /* Base */,
			);
			name = LaunchScreen.storyboard;
			sourceTree = "<group>";
		};
/* End PBXVariantGroup section */

/* Begin XCBuildConfiguration section */
		33E676281D4F6A5000DB8C3E /* Debug */ = {
			isa = XCBuildConfiguration;
			buildSettings = {
				ALWAYS_SEARCH_USER_PATHS = NO;
				CLANG_CXX_LANGUAGE_STANDARD = "gnu++0x";
				CLANG_CXX_LIBRARY = "libc++";
				CLANG_ENABLE_MODULES = YES;
				CLANG_ENABLE_OBJC_ARC = YES;
				CLANG_WARN_BOOL_CONVERSION = YES;
				CLANG_WARN_CONSTANT_CONVERSION = YES;
				CLANG_WARN_DIRECT_OBJC_ISA_USAGE = YES_ERROR;
				CLANG_WARN_EMPTY_BODY = YES;
				CLANG_WARN_ENUM_CONVERSION = YES;
				CLANG_WARN_INT_CONVERSION = YES;
				CLANG_WARN_OBJC_ROOT_CLASS = YES_ERROR;
				CLANG_WARN_UNREACHABLE_CODE = YES;
				CLANG_WARN__DUPLICATE_METHOD_MATCH = YES;
				"CODE_SIGN_IDENTITY[sdk=iphoneos*]" = "iPhone Developer";
				COPY_PHASE_STRIP = NO;
				DEBUG_INFORMATION_FORMAT = dwarf;
				ENABLE_STRICT_OBJC_MSGSEND = YES;
				ENABLE_TESTABILITY = YES;
				GCC_C_LANGUAGE_STANDARD = gnu99;
				GCC_DYNAMIC_NO_PIC = NO;
				GCC_NO_COMMON_BLOCKS = YES;
				GCC_OPTIMIZATION_LEVEL = 0;
				GCC_PREPROCESSOR_DEFINITIONS = (
					"DEBUG=1",
					"$(inherited)",
				);
				GCC_WARN_64_TO_32_BIT_CONVERSION = YES;
				GCC_WARN_ABOUT_RETURN_TYPE = YES_ERROR;
				GCC_WARN_UNDECLARED_SELECTOR = YES;
				GCC_WARN_UNINITIALIZED_AUTOS = YES_AGGRESSIVE;
				GCC_WARN_UNUSED_FUNCTION = YES;
				GCC_WARN_UNUSED_VARIABLE = YES;
				IPHONEOS_DEPLOYMENT_TARGET = 9.1;
				MTL_ENABLE_DEBUG_INFO = YES;
				ONLY_ACTIVE_ARCH = YES;
				SDKROOT = iphoneos;
				SWIFT_OPTIMIZATION_LEVEL = "-Onone";
				TARGETED_DEVICE_FAMILY = "1,2";
			};
			name = Debug;
		};
		33E676291D4F6A5000DB8C3E /* Release */ = {
			isa = XCBuildConfiguration;
			buildSettings = {
				ALWAYS_SEARCH_USER_PATHS = NO;
				CLANG_CXX_LANGUAGE_STANDARD = "gnu++0x";
				CLANG_CXX_LIBRARY = "libc++";
				CLANG_ENABLE_MODULES = YES;
				CLANG_ENABLE_OBJC_ARC = YES;
				CLANG_WARN_BOOL_CONVERSION = YES;
				CLANG_WARN_CONSTANT_CONVERSION = YES;
				CLANG_WARN_DIRECT_OBJC_ISA_USAGE = YES_ERROR;
				CLANG_WARN_EMPTY_BODY = YES;
				CLANG_WARN_ENUM_CONVERSION = YES;
				CLANG_WARN_INT_CONVERSION = YES;
				CLANG_WARN_OBJC_ROOT_CLASS = YES_ERROR;
				CLANG_WARN_UNREACHABLE_CODE = YES;
				CLANG_WARN__DUPLICATE_METHOD_MATCH = YES;
				"CODE_SIGN_IDENTITY[sdk=iphoneos*]" = "iPhone Developer";
				COPY_PHASE_STRIP = NO;
				DEBUG_INFORMATION_FORMAT = "dwarf-with-dsym";
				ENABLE_NS_ASSERTIONS = NO;
				ENABLE_STRICT_OBJC_MSGSEND = YES;
				GCC_C_LANGUAGE_STANDARD = gnu99;
				GCC_NO_COMMON_BLOCKS = YES;
				GCC_WARN_64_TO_32_BIT_CONVERSION = YES;
				GCC_WARN_ABOUT_RETURN_TYPE = YES_ERROR;
				GCC_WARN_UNDECLARED_SELECTOR = YES;
				GCC_WARN_UNINITIALIZED_AUTOS = YES_AGGRESSIVE;
				GCC_WARN_UNUSED_FUNCTION = YES;
				GCC_WARN_UNUSED_VARIABLE = YES;
				IPHONEOS_DEPLOYMENT_TARGET = 9.1;
				MTL_ENABLE_DEBUG_INFO = NO;
				SDKROOT = iphoneos;
				TARGETED_DEVICE_FAMILY = "1,2";
				VALIDATE_PRODUCT = YES;
			};
			name = Release;
		};
		33E6762B1D4F6A5000DB8C3E /* Debug */ = {
			isa = XCBuildConfiguration;
			buildSettings = {
				ASSETCATALOG_COMPILER_APPICON_NAME = AppIcon;
				INFOPLIST_FILE = Pokedex/Info.plist;
				LD_RUNPATH_SEARCH_PATHS = "$(inherited) @executable_path/Frameworks";
				PRODUCT_BUNDLE_IDENTIFIER = "Danoosh-Chamani.Pokedex";
				PRODUCT_NAME = "$(TARGET_NAME)";
			};
			name = Debug;
		};
		33E6762C1D4F6A5000DB8C3E /* Release */ = {
			isa = XCBuildConfiguration;
			buildSettings = {
				ASSETCATALOG_COMPILER_APPICON_NAME = AppIcon;
				INFOPLIST_FILE = Pokedex/Info.plist;
				LD_RUNPATH_SEARCH_PATHS = "$(inherited) @executable_path/Frameworks";
				PRODUCT_BUNDLE_IDENTIFIER = "Danoosh-Chamani.Pokedex";
				PRODUCT_NAME = "$(TARGET_NAME)";
			};
			name = Release;
		};
/* End XCBuildConfiguration section */

/* Begin XCConfigurationList section */
		33E676131D4F6A5000DB8C3E /* Build configuration list for PBXProject "Pokedex" */ = {
			isa = XCConfigurationList;
			buildConfigurations = (
				33E676281D4F6A5000DB8C3E /* Debug */,
				33E676291D4F6A5000DB8C3E /* Release */,
			);
			defaultConfigurationIsVisible = 0;
			defaultConfigurationName = Release;
		};
		33E6762A1D4F6A5000DB8C3E /* Build configuration list for PBXNativeTarget "Pokedex" */ = {
			isa = XCConfigurationList;
			buildConfigurations = (
				33E6762B1D4F6A5000DB8C3E /* Debug */,
				33E6762C1D4F6A5000DB8C3E /* Release */,
			);
			defaultConfigurationIsVisible = 0;
		};
/* End XCConfigurationList section */
	};
	rootObject = 33E676101D4F6A5000DB8C3E /* Project object */;
}
